
Microsoft Visual Studio Solution File, Format Version 12.00
# Visual Studio Version 17
VisualStudioVersion = 17.5.33502.453
MinimumVisualStudioVersion = 10.0.40219.1
Project("{2150E333-8FDC-42A3-9474-1A3956D46DE8}") = "FrontEnd", "FrontEnd", "{0F47F572-1CCD-4549-90D7-78784DB43154}"
EndProject
Project("{2150E333-8FDC-42A3-9474-1A3956D46DE8}") = "Backend", "Backend", "{F2CABB1A-6AF0-40FB-B503-33E4D32ABAA9}"
EndProject
Project("{FAE04EC0-301F-11D3-BF4B-00C04F79EFBC}") = "WeeklyReview.Server", "WeeklyReview\Server\WeeklyReview.Server.csproj", "{5638024F-AC73-4FD4-8923-DC43E7A40A2F}"
EndProject
Project("{FAE04EC0-301F-11D3-BF4B-00C04F79EFBC}") = "WeeklyReview.Client", "WeeklyReview\Client\WeeklyReview.Client.csproj", "{418F6A44-E9EA-40BF-BDEC-A78ABE47E5EA}"
EndProject
Project("{FAE04EC0-301F-11D3-BF4B-00C04F79EFBC}") = "WeeklyReview.Shared", "WeeklyReview\Shared\WeeklyReview.Shared.csproj", "{76231C9A-401F-4AEE-935B-C42E0B28E13E}"
EndProject
Global
	GlobalSection(SolutionConfigurationPlatforms) = preSolution
		Debug|Any CPU = Debug|Any CPU
		Release|Any CPU = Release|Any CPU
	EndGlobalSection
	GlobalSection(ProjectConfigurationPlatforms) = postSolution
		{5638024F-AC73-4FD4-8923-DC43E7A40A2F}.Debug|Any CPU.ActiveCfg = Debug|Any CPU
		{5638024F-AC73-4FD4-8923-DC43E7A40A2F}.Debug|Any CPU.Build.0 = Debug|Any CPU
		{5638024F-AC73-4FD4-8923-DC43E7A40A2F}.Release|Any CPU.ActiveCfg = Release|Any CPU
		{5638024F-AC73-4FD4-8923-DC43E7A40A2F}.Release|Any CPU.Build.0 = Release|Any CPU
		{418F6A44-E9EA-40BF-BDEC-A78ABE47E5EA}.Debug|Any CPU.ActiveCfg = Debug|Any CPU
		{418F6A44-E9EA-40BF-BDEC-A78ABE47E5EA}.Debug|Any CPU.Build.0 = Debug|Any CPU
		{418F6A44-E9EA-40BF-BDEC-A78ABE47E5EA}.Release|Any CPU.ActiveCfg = Release|Any CPU
		{418F6A44-E9EA-40BF-BDEC-A78ABE47E5EA}.Release|Any CPU.Build.0 = Release|Any CPU
		{76231C9A-401F-4AEE-935B-C42E0B28E13E}.Debug|Any CPU.ActiveCfg = Debug|Any CPU
		{76231C9A-401F-4AEE-935B-C42E0B28E13E}.Debug|Any CPU.Build.0 = Debug|Any CPU
		{76231C9A-401F-4AEE-935B-C42E0B28E13E}.Release|Any CPU.ActiveCfg = Release|Any CPU
		{76231C9A-401F-4AEE-935B-C42E0B28E13E}.Release|Any CPU.Build.0 = Release|Any CPU
	EndGlobalSection
	GlobalSection(SolutionProperties) = preSolution
		HideSolutionNode = FALSE
	EndGlobalSection
	GlobalSection(NestedProjects) = preSolution
		{5638024F-AC73-4FD4-8923-DC43E7A40A2F} = {0F47F572-1CCD-4549-90D7-78784DB43154}
		{418F6A44-E9EA-40BF-BDEC-A78ABE47E5EA} = {0F47F572-1CCD-4549-90D7-78784DB43154}
		{76231C9A-401F-4AEE-935B-C42E0B28E13E} = {0F47F572-1CCD-4549-90D7-78784DB43154}
	EndGlobalSection
	GlobalSection(ExtensibilityGlobals) = postSolution
		SolutionGuid = {1A1911B5-E797-42CD-8925-D81264FE859E}
	EndGlobalSection
EndGlobal
