
Microsoft Visual Studio Solution File, Format Version 12.00
# Visual Studio Version 17
VisualStudioVersion = 17.5.33502.453
MinimumVisualStudioVersion = 10.0.40219.1
Project("{9A19103F-16F7-4668-BE54-9A1E7A4F7556}") = "WeeklyReview.Server", "WeeklyReview\Server\WeeklyReview.Server.csproj", "{DDAB141E-BB93-4742-93DD-3DEC268425DA}"
EndProject
Project("{9A19103F-16F7-4668-BE54-9A1E7A4F7556}") = "WeeklyReview.Client", "WeeklyReview\Client\WeeklyReview.Client.csproj", "{86DF2DDC-0895-4B25-825C-4B0339394C29}"
EndProject
Project("{9A19103F-16F7-4668-BE54-9A1E7A4F7556}") = "WeeklyReview.Shared", "WeeklyReview\Shared\WeeklyReview.Shared.csproj", "{195C74BA-DDCA-44C2-BF65-4A02DFDAC649}"
EndProject
Project("{9A19103F-16F7-4668-BE54-9A1E7A4F7556}") = "WeeklyReview.Shared.Tests", "WeeklyReview.Shared.Tests\WeeklyReview.Shared.Tests.csproj", "{0D30DB01-2710-4845-8355-4387C15F681E}"
EndProject
Project("{9A19103F-16F7-4668-BE54-9A1E7A4F7556}") = "WeeklyReview.Database", "WeeklyReview.Database\WeeklyReview.Database.csproj", "{D54934E3-25B1-47CD-8495-37EDEC981EC9}"
EndProject
Global
	GlobalSection(SolutionConfigurationPlatforms) = preSolution
		Debug|Any CPU = Debug|Any CPU
		Release|Any CPU = Release|Any CPU
	EndGlobalSection
	GlobalSection(ProjectConfigurationPlatforms) = postSolution
		{DDAB141E-BB93-4742-93DD-3DEC268425DA}.Debug|Any CPU.ActiveCfg = Debug|Any CPU
		{DDAB141E-BB93-4742-93DD-3DEC268425DA}.Debug|Any CPU.Build.0 = Debug|Any CPU
		{DDAB141E-BB93-4742-93DD-3DEC268425DA}.Release|Any CPU.ActiveCfg = Release|Any CPU
		{DDAB141E-BB93-4742-93DD-3DEC268425DA}.Release|Any CPU.Build.0 = Release|Any CPU
		{86DF2DDC-0895-4B25-825C-4B0339394C29}.Debug|Any CPU.ActiveCfg = Debug|Any CPU
		{86DF2DDC-0895-4B25-825C-4B0339394C29}.Debug|Any CPU.Build.0 = Debug|Any CPU
		{86DF2DDC-0895-4B25-825C-4B0339394C29}.Release|Any CPU.ActiveCfg = Release|Any CPU
		{86DF2DDC-0895-4B25-825C-4B0339394C29}.Release|Any CPU.Build.0 = Release|Any CPU
		{195C74BA-DDCA-44C2-BF65-4A02DFDAC649}.Debug|Any CPU.ActiveCfg = Debug|Any CPU
		{195C74BA-DDCA-44C2-BF65-4A02DFDAC649}.Debug|Any CPU.Build.0 = Debug|Any CPU
		{195C74BA-DDCA-44C2-BF65-4A02DFDAC649}.Release|Any CPU.ActiveCfg = Release|Any CPU
		{195C74BA-DDCA-44C2-BF65-4A02DFDAC649}.Release|Any CPU.Build.0 = Release|Any CPU
		{0D30DB01-2710-4845-8355-4387C15F681E}.Debug|Any CPU.ActiveCfg = Debug|Any CPU
		{0D30DB01-2710-4845-8355-4387C15F681E}.Debug|Any CPU.Build.0 = Debug|Any CPU
		{0D30DB01-2710-4845-8355-4387C15F681E}.Release|Any CPU.ActiveCfg = Release|Any CPU
		{0D30DB01-2710-4845-8355-4387C15F681E}.Release|Any CPU.Build.0 = Release|Any CPU
		{D54934E3-25B1-47CD-8495-37EDEC981EC9}.Debug|Any CPU.ActiveCfg = Debug|Any CPU
		{D54934E3-25B1-47CD-8495-37EDEC981EC9}.Debug|Any CPU.Build.0 = Debug|Any CPU
		{D54934E3-25B1-47CD-8495-37EDEC981EC9}.Release|Any CPU.ActiveCfg = Release|Any CPU
		{D54934E3-25B1-47CD-8495-37EDEC981EC9}.Release|Any CPU.Build.0 = Release|Any CPU
	EndGlobalSection
	GlobalSection(SolutionProperties) = preSolution
		HideSolutionNode = FALSE
	EndGlobalSection
	GlobalSection(ExtensibilityGlobals) = postSolution
		SolutionGuid = {1A1911B5-E797-42CD-8925-D81264FE859E}
	EndGlobalSection
EndGlobal
