
Microsoft Visual Studio Solution File, Format Version 12.00
# Visual Studio Version 17
VisualStudioVersion = 17.11.35312.102
MinimumVisualStudioVersion = 10.0.40219.1
Project("{9A19103F-16F7-4668-BE54-9A1E7A4F7556}") = "Functions", "Functions\Functions.csproj", "{5168C652-BE41-4C96-B2B9-CA37FE2212B1}"
EndProject
Project("{9A19103F-16F7-4668-BE54-9A1E7A4F7556}") = "Database", "Database\Database.csproj", "{550BCD0F-D378-44D1-8AC3-2E3C54D76A38}"
EndProject
Project("{9A19103F-16F7-4668-BE54-9A1E7A4F7556}") = "Shared", "Shared\Shared.csproj", "{49554592-E8EC-4E66-A726-3DC314D3E634}"
EndProject
Project("{9A19103F-16F7-4668-BE54-9A1E7A4F7556}") = "Shared.Tests", "Shared.Tests\Shared.Tests.csproj", "{A0B9A4F8-139B-43F5-B5E2-7E16DEDCF13E}"
EndProject
Global
	GlobalSection(SolutionConfigurationPlatforms) = preSolution
		Debug|Any CPU = Debug|Any CPU
		Release|Any CPU = Release|Any CPU
	EndGlobalSection
	GlobalSection(ProjectConfigurationPlatforms) = postSolution
		{5168C652-BE41-4C96-B2B9-CA37FE2212B1}.Debug|Any CPU.ActiveCfg = Debug|Any CPU
		{5168C652-BE41-4C96-B2B9-CA37FE2212B1}.Debug|Any CPU.Build.0 = Debug|Any CPU
		{5168C652-BE41-4C96-B2B9-CA37FE2212B1}.Release|Any CPU.ActiveCfg = Release|Any CPU
		{5168C652-BE41-4C96-B2B9-CA37FE2212B1}.Release|Any CPU.Build.0 = Release|Any CPU
		{550BCD0F-D378-44D1-8AC3-2E3C54D76A38}.Debug|Any CPU.ActiveCfg = Debug|Any CPU
		{550BCD0F-D378-44D1-8AC3-2E3C54D76A38}.Debug|Any CPU.Build.0 = Debug|Any CPU
		{550BCD0F-D378-44D1-8AC3-2E3C54D76A38}.Release|Any CPU.ActiveCfg = Release|Any CPU
		{550BCD0F-D378-44D1-8AC3-2E3C54D76A38}.Release|Any CPU.Build.0 = Release|Any CPU
		{49554592-E8EC-4E66-A726-3DC314D3E634}.Debug|Any CPU.ActiveCfg = Debug|Any CPU
		{49554592-E8EC-4E66-A726-3DC314D3E634}.Debug|Any CPU.Build.0 = Debug|Any CPU
		{49554592-E8EC-4E66-A726-3DC314D3E634}.Release|Any CPU.ActiveCfg = Release|Any CPU
		{49554592-E8EC-4E66-A726-3DC314D3E634}.Release|Any CPU.Build.0 = Release|Any CPU
		{A0B9A4F8-139B-43F5-B5E2-7E16DEDCF13E}.Debug|Any CPU.ActiveCfg = Debug|Any CPU
		{A0B9A4F8-139B-43F5-B5E2-7E16DEDCF13E}.Debug|Any CPU.Build.0 = Debug|Any CPU
		{A0B9A4F8-139B-43F5-B5E2-7E16DEDCF13E}.Release|Any CPU.ActiveCfg = Release|Any CPU
		{A0B9A4F8-139B-43F5-B5E2-7E16DEDCF13E}.Release|Any CPU.Build.0 = Release|Any CPU
	EndGlobalSection
	GlobalSection(SolutionProperties) = preSolution
		HideSolutionNode = FALSE
	EndGlobalSection
EndGlobal
